github.com/gmax79/otusgolang v0.0.0-20191121220640-bf38e9ee78b9 h1:HN9gMvfa/11y5yFxbk0HGg6ZfNBkCT3Yc5EKIkGEhFU=
github.com/gmax79/otusgolang/hw8/internal/calendar v0.0.0-20191121220640-bf38e9ee78b9 h1:XlQKFAkIKZF/+9hTCA646Vau8oqD5hLiKmwhy7C3HJA=
github.com/gmax79/otusgolang/hw8/internal/calendar v0.0.0-20191121220640-bf38e9ee78b9/go.mod h1:F6KgDPLdlABfshK/NEJ9MRA8XkzpFCvzBXSq0EOLlOI=
